
Microsoft Visual Studio Solution File, Format Version 12.00
# Visual Studio 15
VisualStudioVersion = 15.0.28307.572
MinimumVisualStudioVersion = 10.0.40219.1
Project("{8BC9CEB8-8B4A-11D0-8D11-00A0C91BC942}") = "CLR PROJECT", "CLR PROJECT.vcxproj", "{BA8ABCDF-FB1F-4063-8D2A-1E9C9D00B24D}"
EndProject
Global
	GlobalSection(SolutionConfigurationPlatforms) = preSolution
		Debug|x64 = Debug|x64
		Debug|x86 = Debug|x86
		Release|x64 = Release|x64
		Release|x86 = Release|x86
	EndGlobalSection
	GlobalSection(ProjectConfigurationPlatforms) = postSolution
		{BA8ABCDF-FB1F-4063-8D2A-1E9C9D00B24D}.Debug|x64.ActiveCfg = Debug|x64
		{BA8ABCDF-FB1F-4063-8D2A-1E9C9D00B24D}.Debug|x64.Build.0 = Debug|x64
		{BA8ABCDF-FB1F-4063-8D2A-1E9C9D00B24D}.Debug|x86.ActiveCfg = Debug|Win32
		{BA8ABCDF-FB1F-4063-8D2A-1E9C9D00B24D}.Debug|x86.Build.0 = Debug|Win32
		{BA8ABCDF-FB1F-4063-8D2A-1E9C9D00B24D}.Release|x64.ActiveCfg = Release|x64
		{BA8ABCDF-FB1F-4063-8D2A-1E9C9D00B24D}.Release|x64.Build.0 = Release|x64
		{BA8ABCDF-FB1F-4063-8D2A-1E9C9D00B24D}.Release|x86.ActiveCfg = Release|Win32
		{BA8ABCDF-FB1F-4063-8D2A-1E9C9D00B24D}.Release|x86.Build.0 = Release|Win32
	EndGlobalSection
	GlobalSection(SolutionProperties) = preSolution
		HideSolutionNode = FALSE
	EndGlobalSection
	GlobalSection(ExtensibilityGlobals) = postSolution
		SolutionGuid = {5743F0EB-21BF-4587-890C-0CBBBC33361E}
	EndGlobalSection
EndGlobal
